// !$*UTF8*$!
{
	archiveVersion = 1;
	classes = {
	};
	objectVersion = 77;
	objects = {

/* Begin PBXContainerItemProxy section */
		5DB066692E05AC7200F106CE /* PBXContainerItemProxy */ = {
			isa = PBXContainerItemProxy;
			containerPortal = 5DB066512E05AC6F00F106CE /* Project object */;
			proxyType = 1;
			remoteGlobalIDString = 5DB066582E05AC6F00F106CE;
			remoteInfo = HaLiveNotifications;
		};
		5DB066732E05AC7200F106CE /* PBXContainerItemProxy */ = {
			isa = PBXContainerItemProxy;
			containerPortal = 5DB066512E05AC6F00F106CE /* Project object */;
			proxyType = 1;
			remoteGlobalIDString = 5DB066582E05AC6F00F106CE;
			remoteInfo = HaLiveNotifications;
		};
/* End PBXContainerItemProxy section */

/* Begin PBXCopyFilesBuildPhase section */
		5DB066A82E05B5E300F106CE /* Embed Foundation Extensions */ = {
			isa = PBXCopyFilesBuildPhase;
			buildActionMask = 2147483647;
			dstPath = "";
			dstSubfolderSpec = 13;
			files = (
			);
			name = "Embed Foundation Extensions";
			runOnlyForDeploymentPostprocessing = 0;
		};
/* End PBXCopyFilesBuildPhase section */

/* Begin PBXFileReference section */
		5DB066592E05AC6F00F106CE /* HaLiveNotifications.app */ = {isa = PBXFileReference; explicitFileType = wrapper.application; includeInIndex = 0; path = HaLiveNotifications.app; sourceTree = BUILT_PRODUCTS_DIR; };
		5DB066682E05AC7200F106CE /* HaLiveNotificationsTests.xctest */ = {isa = PBXFileReference; explicitFileType = wrapper.cfbundle; includeInIndex = 0; path = HaLiveNotificationsTests.xctest; sourceTree = BUILT_PRODUCTS_DIR; };
		5DB066722E05AC7200F106CE /* HaLiveNotificationsUITests.xctest */ = {isa = PBXFileReference; explicitFileType = wrapper.cfbundle; includeInIndex = 0; path = HaLiveNotificationsUITests.xctest; sourceTree = BUILT_PRODUCTS_DIR; };
		5DB0668F2E05B5E000F106CE /* WidgetKit.framework */ = {isa = PBXFileReference; lastKnownFileType = wrapper.framework; name = WidgetKit.framework; path = System/Library/Frameworks/WidgetKit.framework; sourceTree = SDKROOT; };
		5DB066912E05B5E000F106CE /* SwiftUI.framework */ = {isa = PBXFileReference; lastKnownFileType = wrapper.framework; name = SwiftUI.framework; path = System/Library/Frameworks/SwiftUI.framework; sourceTree = SDKROOT; };
/* End PBXFileReference section */

/* Begin PBXFileSystemSynchronizedBuildFileExceptionSet section */
		5D493E302E05F93B00109969 /* Exceptions for "HaLiveNotifications" folder in "HaLiveNotifications" target */ = {
			isa = PBXFileSystemSynchronizedBuildFileExceptionSet;
			membershipExceptions = (
				Info.plist,
			);
			target = 5DB066582E05AC6F00F106CE /* HaLiveNotifications */;
		};
/* End PBXFileSystemSynchronizedBuildFileExceptionSet section */

/* Begin PBXFileSystemSynchronizedRootGroup section */
		5DB0665B2E05AC6F00F106CE /* HaLiveNotifications */ = {
			isa = PBXFileSystemSynchronizedRootGroup;
			exceptions = (
				5D493E302E05F93B00109969 /* Exceptions for "HaLiveNotifications" folder in "HaLiveNotifications" target */,
			);
			path = HaLiveNotifications;
			sourceTree = "<group>";
		};
		5DB0666B2E05AC7200F106CE /* HaLiveNotificationsTests */ = {
			isa = PBXFileSystemSynchronizedRootGroup;
			path = HaLiveNotificationsTests;
			sourceTree = "<group>";
		};
		5DB066752E05AC7200F106CE /* HaLiveNotificationsUITests */ = {
			isa = PBXFileSystemSynchronizedRootGroup;
			path = HaLiveNotificationsUITests;
			sourceTree = "<group>";
		};
/* End PBXFileSystemSynchronizedRootGroup section */

/* Begin PBXFrameworksBuildPhase section */
		5DB066562E05AC6F00F106CE /* Frameworks */ = {
			isa = PBXFrameworksBuildPhase;
			buildActionMask = 2147483647;
			files = (
			);
			runOnlyForDeploymentPostprocessing = 0;
		};
		5DB066652E05AC7200F106CE /* Frameworks */ = {
			isa = PBXFrameworksBuildPhase;
			buildActionMask = 2147483647;
			files = (
			);
			runOnlyForDeploymentPostprocessing = 0;
		};
		5DB0666F2E05AC7200F106CE /* Frameworks */ = {
			isa = PBXFrameworksBuildPhase;
			buildActionMask = 2147483647;
			files = (
			);
			runOnlyForDeploymentPostprocessing = 0;
		};
/* End PBXFrameworksBuildPhase section */

/* Begin PBXGroup section */
		5DB066502E05AC6F00F106CE = {
			isa = PBXGroup;
			children = (
				5DB0665B2E05AC6F00F106CE /* HaLiveNotifications */,
				5DB0666B2E05AC7200F106CE /* HaLiveNotificationsTests */,
				5DB066752E05AC7200F106CE /* HaLiveNotificationsUITests */,
				5DB0668E2E05B5E000F106CE /* Frameworks */,
				5DB0665A2E05AC6F00F106CE /* Products */,
			);
			sourceTree = "<group>";
		};
		5DB0665A2E05AC6F00F106CE /* Products */ = {
			isa = PBXGroup;
			children = (
				5DB066592E05AC6F00F106CE /* HaLiveNotifications.app */,
				5DB066682E05AC7200F106CE /* HaLiveNotificationsTests.xctest */,
				5DB066722E05AC7200F106CE /* HaLiveNotificationsUITests.xctest */,
			);
			name = Products;
			sourceTree = "<group>";
		};
		5DB0668E2E05B5E000F106CE /* Frameworks */ = {
			isa = PBXGroup;
			children = (
				5DB0668F2E05B5E000F106CE /* WidgetKit.framework */,
				5DB066912E05B5E000F106CE /* SwiftUI.framework */,
			);
			name = Frameworks;
			sourceTree = "<group>";
		};
/* End PBXGroup section */

/* Begin PBXNativeTarget section */
		5DB066582E05AC6F00F106CE /* HaLiveNotifications */ = {
			isa = PBXNativeTarget;
			buildConfigurationList = 5DB0667C2E05AC7300F106CE /* Build configuration list for PBXNativeTarget "HaLiveNotifications" */;
			buildPhases = (
				5DB066552E05AC6F00F106CE /* Sources */,
				5DB066562E05AC6F00F106CE /* Frameworks */,
				5DB066572E05AC6F00F106CE /* Resources */,
				5DB066A82E05B5E300F106CE /* Embed Foundation Extensions */,
			);
			buildRules = (
			);
			dependencies = (
			);
			fileSystemSynchronizedGroups = (
				5DB0665B2E05AC6F00F106CE /* HaLiveNotifications */,
			);
			name = HaLiveNotifications;
			packageProductDependencies = (
			);
			productName = HaLiveNotifications;
			productReference = 5DB066592E05AC6F00F106CE /* HaLiveNotifications.app */;
			productType = "com.apple.product-type.application";
		};
		5DB066672E05AC7200F106CE /* HaLiveNotificationsTests */ = {
			isa = PBXNativeTarget;
			buildConfigurationList = 5DB0667F2E05AC7300F106CE /* Build configuration list for PBXNativeTarget "HaLiveNotificationsTests" */;
			buildPhases = (
				5DB066642E05AC7200F106CE /* Sources */,
				5DB066652E05AC7200F106CE /* Frameworks */,
				5DB066662E05AC7200F106CE /* Resources */,
			);
			buildRules = (
			);
			dependencies = (
				5DB0666A2E05AC7200F106CE /* PBXTargetDependency */,
			);
			fileSystemSynchronizedGroups = (
				5DB0666B2E05AC7200F106CE /* HaLiveNotificationsTests */,
			);
			name = HaLiveNotificationsTests;
			packageProductDependencies = (
			);
			productName = HaLiveNotificationsTests;
			productReference = 5DB066682E05AC7200F106CE /* HaLiveNotificationsTests.xctest */;
			productType = "com.apple.product-type.bundle.unit-test";
		};
		5DB066712E05AC7200F106CE /* HaLiveNotificationsUITests */ = {
			isa = PBXNativeTarget;
			buildConfigurationList = 5DB066822E05AC7300F106CE /* Build configuration list for PBXNativeTarget "HaLiveNotificationsUITests" */;
			buildPhases = (
				5DB0666E2E05AC7200F106CE /* Sources */,
				5DB0666F2E05AC7200F106CE /* Frameworks */,
				5DB066702E05AC7200F106CE /* Resources */,
			);
			buildRules = (
			);
			dependencies = (
				5DB066742E05AC7200F106CE /* PBXTargetDependency */,
			);
			fileSystemSynchronizedGroups = (
				5DB066752E05AC7200F106CE /* HaLiveNotificationsUITests */,
			);
			name = HaLiveNotificationsUITests;
			packageProductDependencies = (
			);
			productName = HaLiveNotificationsUITests;
			productReference = 5DB066722E05AC7200F106CE /* HaLiveNotificationsUITests.xctest */;
			productType = "com.apple.product-type.bundle.ui-testing";
		};
/* End PBXNativeTarget section */

/* Begin PBXProject section */
		5DB066512E05AC6F00F106CE /* Project object */ = {
			isa = PBXProject;
			attributes = {
				BuildIndependentTargetsInParallel = 1;
				LastSwiftUpdateCheck = 1640;
				LastUpgradeCheck = 1640;
				TargetAttributes = {
					5DB066582E05AC6F00F106CE = {
						CreatedOnToolsVersion = 16.4;
					};
					5DB066672E05AC7200F106CE = {
						CreatedOnToolsVersion = 16.4;
						TestTargetID = 5DB066582E05AC6F00F106CE;
					};
					5DB066712E05AC7200F106CE = {
						CreatedOnToolsVersion = 16.4;
						TestTargetID = 5DB066582E05AC6F00F106CE;
					};
				};
			};
			buildConfigurationList = 5DB066542E05AC6F00F106CE /* Build configuration list for PBXProject "HaLiveNotifications" */;
			developmentRegion = en;
			hasScannedForEncodings = 0;
			knownRegions = (
				en,
				Base,
			);
			mainGroup = 5DB066502E05AC6F00F106CE;
			minimizedProjectReferenceProxies = 1;
			preferredProjectObjectVersion = 77;
			productRefGroup = 5DB0665A2E05AC6F00F106CE /* Products */;
			projectDirPath = "";
			projectRoot = "";
			targets = (
				5DB066582E05AC6F00F106CE /* HaLiveNotifications */,
				5DB066672E05AC7200F106CE /* HaLiveNotificationsTests */,
				5DB066712E05AC7200F106CE /* HaLiveNotificationsUITests */,
			);
		};
/* End PBXProject section */

/* Begin PBXResourcesBuildPhase section */
		5DB066572E05AC6F00F106CE /* Resources */ = {
			isa = PBXResourcesBuildPhase;
			buildActionMask = 2147483647;
			files = (
			);
			runOnlyForDeploymentPostprocessing = 0;
		};
		5DB066662E05AC7200F106CE /* Resources */ = {
			isa = PBXResourcesBuildPhase;
			buildActionMask = 2147483647;
			files = (
			);
			runOnlyForDeploymentPostprocessing = 0;
		};
		5DB066702E05AC7200F106CE /* Resources */ = {
			isa = PBXResourcesBuildPhase;
			buildActionMask = 2147483647;
			files = (
			);
			runOnlyForDeploymentPostprocessing = 0;
		};
/* End PBXResourcesBuildPhase section */

/* Begin PBXSourcesBuildPhase section */
		5DB066552E05AC6F00F106CE /* Sources */ = {
			isa = PBXSourcesBuildPhase;
			buildActionMask = 2147483647;
			files = (
			);
			runOnlyForDeploymentPostprocessing = 0;
		};
		5DB066642E05AC7200F106CE /* Sources */ = {
			isa = PBXSourcesBuildPhase;
			buildActionMask = 2147483647;
			files = (
			);
			runOnlyForDeploymentPostprocessing = 0;
		};
		5DB0666E2E05AC7200F106CE /* Sources */ = {
			isa = PBXSourcesBuildPhase;
			buildActionMask = 2147483647;
			files = (
			);
			runOnlyForDeploymentPostprocessing = 0;
		};
/* End PBXSourcesBuildPhase section */

/* Begin PBXTargetDependency section */
		5DB0666A2E05AC7200F106CE /* PBXTargetDependency */ = {
			isa = PBXTargetDependency;
			target = 5DB066582E05AC6F00F106CE /* HaLiveNotifications */;
			targetProxy = 5DB066692E05AC7200F106CE /* PBXContainerItemProxy */;
		};
		5DB066742E05AC7200F106CE /* PBXTargetDependency */ = {
			isa = PBXTargetDependency;
			target = 5DB066582E05AC6F00F106CE /* HaLiveNotifications */;
			targetProxy = 5DB066732E05AC7200F106CE /* PBXContainerItemProxy */;
		};
/* End PBXTargetDependency section */

/* Begin XCBuildConfiguration section */
		5DB0667A2E05AC7300F106CE /* Debug */ = {
			isa = XCBuildConfiguration;
			buildSettings = {
				ALWAYS_SEARCH_USER_PATHS = NO;
				ASSETCATALOG_COMPILER_GENERATE_SWIFT_ASSET_SYMBOL_EXTENSIONS = YES;
				CLANG_ANALYZER_NONNULL = YES;
				CLANG_ANALYZER_NUMBER_OBJECT_CONVERSION = YES_AGGRESSIVE;
				CLANG_CXX_LANGUAGE_STANDARD = "gnu++20";
				CLANG_ENABLE_MODULES = YES;
				CLANG_ENABLE_OBJC_ARC = YES;
				CLANG_ENABLE_OBJC_WEAK = YES;
				CLANG_WARN_BLOCK_CAPTURE_AUTORELEASING = YES;
				CLANG_WARN_BOOL_CONVERSION = YES;
				CLANG_WARN_COMMA = YES;
				CLANG_WARN_CONSTANT_CONVERSION = YES;
				CLANG_WARN_DEPRECATED_OBJC_IMPLEMENTATIONS = YES;
				CLANG_WARN_DIRECT_OBJC_ISA_USAGE = YES_ERROR;
				CLANG_WARN_DOCUMENTATION_COMMENTS = YES;
				CLANG_WARN_EMPTY_BODY = YES;
				CLANG_WARN_ENUM_CONVERSION = YES;
				CLANG_WARN_INFINITE_RECURSION = YES;
				CLANG_WARN_INT_CONVERSION = YES;
				CLANG_WARN_NON_LITERAL_NULL_CONVERSION = YES;
				CLANG_WARN_OBJC_IMPLICIT_RETAIN_SELF = YES;
				CLANG_WARN_OBJC_LITERAL_CONVERSION = YES;
				CLANG_WARN_OBJC_ROOT_CLASS = YES_ERROR;
				CLANG_WARN_QUOTED_INCLUDE_IN_FRAMEWORK_HEADER = YES;
				CLANG_WARN_RANGE_LOOP_ANALYSIS = YES;
				CLANG_WARN_STRICT_PROTOTYPES = YES;
				CLANG_WARN_SUSPICIOUS_MOVE = YES;
				CLANG_WARN_UNGUARDED_AVAILABILITY = YES_AGGRESSIVE;
				CLANG_WARN_UNREACHABLE_CODE = YES;
				CLANG_WARN__DUPLICATE_METHOD_MATCH = YES;
				COPY_PHASE_STRIP = NO;
				DEBUG_INFORMATION_FORMAT = dwarf;
				DEVELOPMENT_TEAM = SUS389HBA4;
				ENABLE_STRICT_OBJC_MSGSEND = YES;
				ENABLE_TESTABILITY = YES;
				ENABLE_USER_SCRIPT_SANDBOXING = YES;
				GCC_C_LANGUAGE_STANDARD = gnu17;
				GCC_DYNAMIC_NO_PIC = NO;
				GCC_NO_COMMON_BLOCKS = YES;
				GCC_OPTIMIZATION_LEVEL = 0;
				GCC_PREPROCESSOR_DEFINITIONS = (
					"DEBUG=1",
					"$(inherited)",
				);
				GCC_WARN_64_TO_32_BIT_CONVERSION = YES;
				GCC_WARN_ABOUT_RETURN_TYPE = YES_ERROR;
				GCC_WARN_UNDECLARED_SELECTOR = YES;
				GCC_WARN_UNINITIALIZED_AUTOS = YES_AGGRESSIVE;
				GCC_WARN_UNUSED_FUNCTION = YES;
				GCC_WARN_UNUSED_VARIABLE = YES;
				IPHONEOS_DEPLOYMENT_TARGET = 18.5;
				LOCALIZATION_PREFERS_STRING_CATALOGS = YES;
				MTL_ENABLE_DEBUG_INFO = INCLUDE_SOURCE;
				MTL_FAST_MATH = YES;
				ONLY_ACTIVE_ARCH = YES;
				SDKROOT = iphoneos;
				SWIFT_ACTIVE_COMPILATION_CONDITIONS = "DEBUG $(inherited)";
				SWIFT_OPTIMIZATION_LEVEL = "-Onone";
			};
			name = Debug;
		};
		5DB0667B2E05AC7300F106CE /* Release */ = {
			isa = XCBuildConfiguration;
			buildSettings = {
				ALWAYS_SEARCH_USER_PATHS = NO;
				ASSETCATALOG_COMPILER_GENERATE_SWIFT_ASSET_SYMBOL_EXTENSIONS = YES;
				CLANG_ANALYZER_NONNULL = YES;
				CLANG_ANALYZER_NUMBER_OBJECT_CONVERSION = YES_AGGRESSIVE;
				CLANG_CXX_LANGUAGE_STANDARD = "gnu++20";
				CLANG_ENABLE_MODULES = YES;
				CLANG_ENABLE_OBJC_ARC = YES;
				CLANG_ENABLE_OBJC_WEAK = YES;
				CLANG_WARN_BLOCK_CAPTURE_AUTORELEASING = YES;
				CLANG_WARN_BOOL_CONVERSION = YES;
				CLANG_WARN_COMMA = YES;
				CLANG_WARN_CONSTANT_CONVERSION = YES;
				CLANG_WARN_DEPRECATED_OBJC_IMPLEMENTATIONS = YES;
				CLANG_WARN_DIRECT_OBJC_ISA_USAGE = YES_ERROR;
				CLANG_WARN_DOCUMENTATION_COMMENTS = YES;
				CLANG_WARN_EMPTY_BODY = YES;
				CLANG_WARN_ENUM_CONVERSION = YES;
				CLANG_WARN_INFINITE_RECURSION = YES;
				CLANG_WARN_INT_CONVERSION = YES;
				CLANG_WARN_NON_LITERAL_NULL_CONVERSION = YES;
				CLANG_WARN_OBJC_IMPLICIT_RETAIN_SELF = YES;
				CLANG_WARN_OBJC_LITERAL_CONVERSION = YES;
				CLANG_WARN_OBJC_ROOT_CLASS = YES_ERROR;
				CLANG_WARN_QUOTED_INCLUDE_IN_FRAMEWORK_HEADER = YES;
				CLANG_WARN_RANGE_LOOP_ANALYSIS = YES;
				CLANG_WARN_STRICT_PROTOTYPES = YES;
				CLANG_WARN_SUSPICIOUS_MOVE = YES;
				CLANG_WARN_UNGUARDED_AVAILABILITY = YES_AGGRESSIVE;
				CLANG_WARN_UNREACHABLE_CODE = YES;
				CLANG_WARN__DUPLICATE_METHOD_MATCH = YES;
				COPY_PHASE_STRIP = NO;
				DEBUG_INFORMATION_FORMAT = "dwarf-with-dsym";
				DEVELOPMENT_TEAM = SUS389HBA4;
				ENABLE_NS_ASSERTIONS = NO;
				ENABLE_STRICT_OBJC_MSGSEND = YES;
				ENABLE_USER_SCRIPT_SANDBOXING = YES;
				GCC_C_LANGUAGE_STANDARD = gnu17;
				GCC_NO_COMMON_BLOCKS = YES;
				GCC_WARN_64_TO_32_BIT_CONVERSION = YES;
				GCC_WARN_ABOUT_RETURN_TYPE = YES_ERROR;
				GCC_WARN_UNDECLARED_SELECTOR = YES;
				GCC_WARN_UNINITIALIZED_AUTOS = YES_AGGRESSIVE;
				GCC_WARN_UNUSED_FUNCTION = YES;
				GCC_WARN_UNUSED_VARIABLE = YES;
				IPHONEOS_DEPLOYMENT_TARGET = 18.5;
				LOCALIZATION_PREFERS_STRING_CATALOGS = YES;
				MTL_ENABLE_DEBUG_INFO = NO;
				MTL_FAST_MATH = YES;
				SDKROOT = iphoneos;
				SWIFT_COMPILATION_MODE = wholemodule;
				VALIDATE_PRODUCT = YES;
			};
			name = Release;
		};
		5DB0667D2E05AC7300F106CE /* Debug */ = {
			isa = XCBuildConfiguration;
			buildSettings = {
				ASSETCATALOG_COMPILER_APPICON_NAME = AppIcon;
				ASSETCATALOG_COMPILER_GLOBAL_ACCENT_COLOR_NAME = AccentColor;
				CODE_SIGN_STYLE = Automatic;
				CURRENT_PROJECT_VERSION = 1;
				DEVELOPMENT_TEAM = SUS389HBA4;
				ENABLE_PREVIEWS = YES;
				GENERATE_INFOPLIST_FILE = YES;
				INFOPLIST_FILE = HaLiveNotifications/Info.plist;
				INFOPLIST_KEY_NSLocalNetworkUsageDescription = "This app uses the local network to discover and connect to Home Assistant instances.";
				INFOPLIST_KEY_UIApplicationSceneManifest_Generation = YES;
				INFOPLIST_KEY_UIApplicationSupportsIndirectInputEvents = YES;
				INFOPLIST_KEY_UILaunchScreen_Generation = YES;
				INFOPLIST_KEY_UISupportedInterfaceOrientations_iPad = "UIInterfaceOrientationPortrait UIInterfaceOrientationPortraitUpsideDown UIInterfaceOrientationLandscapeLeft UIInterfaceOrientationLandscapeRight";
				INFOPLIST_KEY_UISupportedInterfaceOrientations_iPhone = "UIInterfaceOrientationPortrait UIInterfaceOrientationLandscapeLeft UIInterfaceOrientationLandscapeRight";
				LD_RUNPATH_SEARCH_PATHS = (
					"$(inherited)",
					"@executable_path/Frameworks",
				);
				MARKETING_VERSION = 1.0;
				PRODUCT_BUNDLE_IDENTIFIER = com.klschaefer.HaLiveNotifications;
				PRODUCT_NAME = "$(TARGET_NAME)";
				SWIFT_EMIT_LOC_STRINGS = YES;
				SWIFT_VERSION = 5.0;
				TARGETED_DEVICE_FAMILY = "1,2";
			};
			name = Debug;
		};
		5DB0667E2E05AC7300F106CE /* Release */ = {
			isa = XCBuildConfiguration;
			buildSettings = {
				ASSETCATALOG_COMPILER_APPICON_NAME = AppIcon;
				ASSETCATALOG_COMPILER_GLOBAL_ACCENT_COLOR_NAME = AccentColor;
				CODE_SIGN_STYLE = Automatic;
				CURRENT_PROJECT_VERSION = 1;
				DEVELOPMENT_TEAM = SUS389HBA4;
				ENABLE_PREVIEWS = YES;
				GENERATE_INFOPLIST_FILE = YES;
				INFOPLIST_FILE = HaLiveNotifications/Info.plist;
				INFOPLIST_KEY_NSLocalNetworkUsageDescription = "This app uses the local network to discover and connect to Home Assistant instances.";
				INFOPLIST_KEY_UIApplicationSceneManifest_Generation = YES;
				INFOPLIST_KEY_UIApplicationSupportsIndirectInputEvents = YES;
				INFOPLIST_KEY_UILaunchScreen_Generation = YES;
				INFOPLIST_KEY_UISupportedInterfaceOrientations_iPad = "UIInterfaceOrientationPortrait UIInterfaceOrientationPortraitUpsideDown UIInterfaceOrientationLandscapeLeft UIInterfaceOrientationLandscapeRight";
				INFOPLIST_KEY_UISupportedInterfaceOrientations_iPhone = "UIInterfaceOrientationPortrait UIInterfaceOrientationLandscapeLeft UIInterfaceOrientationLandscapeRight";
				LD_RUNPATH_SEARCH_PATHS = (
					"$(inherited)",
					"@executable_path/Frameworks",
				);
				MARKETING_VERSION = 1.0;
				PRODUCT_BUNDLE_IDENTIFIER = com.klschaefer.HaLiveNotifications;
				PRODUCT_NAME = "$(TARGET_NAME)";
				SWIFT_EMIT_LOC_STRINGS = YES;
				SWIFT_VERSION = 5.0;
				TARGETED_DEVICE_FAMILY = "1,2";
			};
			name = Release;
		};
		5DB066802E05AC7300F106CE /* Debug */ = {
			isa = XCBuildConfiguration;
			buildSettings = {
				BUNDLE_LOADER = "$(TEST_HOST)";
				"CODE_SIGN_IDENTITY[sdk=macosx*]" = "Apple Development";
				CODE_SIGN_STYLE = Automatic;
				CURRENT_PROJECT_VERSION = 1;
				DEVELOPMENT_TEAM = SUS389HBA4;
				GENERATE_INFOPLIST_FILE = YES;
				IPHONEOS_DEPLOYMENT_TARGET = 18.5;
				MARKETING_VERSION = 1.0;
				PRODUCT_BUNDLE_IDENTIFIER = com.klschaefer.HaLiveNotificationsTests;
				PRODUCT_NAME = "$(TARGET_NAME)";
				SWIFT_EMIT_LOC_STRINGS = NO;
				SWIFT_VERSION = 5.0;
				TARGETED_DEVICE_FAMILY = "1,2";
				TEST_HOST = "$(BUILT_PRODUCTS_DIR)/HaLiveNotifications.app/$(BUNDLE_EXECUTABLE_FOLDER_PATH)/HaLiveNotifications";
			};
			name = Debug;
		};
		5DB066812E05AC7300F106CE /* Release */ = {
			isa = XCBuildConfiguration;
			buildSettings = {
				BUNDLE_LOADER = "$(TEST_HOST)";
				"CODE_SIGN_IDENTITY[sdk=macosx*]" = "Apple Development";
				CODE_SIGN_STYLE = Automatic;
				CURRENT_PROJECT_VERSION = 1;
				DEVELOPMENT_TEAM = SUS389HBA4;
				GENERATE_INFOPLIST_FILE = YES;
				IPHONEOS_DEPLOYMENT_TARGET = 18.5;
				MARKETING_VERSION = 1.0;
				PRODUCT_BUNDLE_IDENTIFIER = com.klschaefer.HaLiveNotificationsTests;
				PRODUCT_NAME = "$(TARGET_NAME)";
				SWIFT_EMIT_LOC_STRINGS = NO;
				SWIFT_VERSION = 5.0;
				TARGETED_DEVICE_FAMILY = "1,2";
				TEST_HOST = "$(BUILT_PRODUCTS_DIR)/HaLiveNotifications.app/$(BUNDLE_EXECUTABLE_FOLDER_PATH)/HaLiveNotifications";
			};
			name = Release;
		};
		5DB066832E05AC7300F106CE /* Debug */ = {
			isa = XCBuildConfiguration;
			buildSettings = {
				CODE_SIGN_STYLE = Automatic;
				CURRENT_PROJECT_VERSION = 1;
				DEVELOPMENT_TEAM = SUS389HBA4;
				GENERATE_INFOPLIST_FILE = YES;
				MARKETING_VERSION = 1.0;
				PRODUCT_BUNDLE_IDENTIFIER = com.klschaefer.HaLiveNotificationsUITests;
				PRODUCT_NAME = "$(TARGET_NAME)";
				SWIFT_EMIT_LOC_STRINGS = NO;
				SWIFT_VERSION = 5.0;
				TARGETED_DEVICE_FAMILY = "1,2";
				TEST_TARGET_NAME = HaLiveNotifications;
			};
			name = Debug;
		};
		5DB066842E05AC7300F106CE /* Release */ = {
			isa = XCBuildConfiguration;
			buildSettings = {
				CODE_SIGN_STYLE = Automatic;
				CURRENT_PROJECT_VERSION = 1;
				DEVELOPMENT_TEAM = SUS389HBA4;
				GENERATE_INFOPLIST_FILE = YES;
				MARKETING_VERSION = 1.0;
				PRODUCT_BUNDLE_IDENTIFIER = com.klschaefer.HaLiveNotificationsUITests;
				PRODUCT_NAME = "$(TARGET_NAME)";
				SWIFT_EMIT_LOC_STRINGS = NO;
				SWIFT_VERSION = 5.0;
				TARGETED_DEVICE_FAMILY = "1,2";
				TEST_TARGET_NAME = HaLiveNotifications;
			};
			name = Release;
		};
/* End XCBuildConfiguration section */

/* Begin XCConfigurationList section */
		5DB066542E05AC6F00F106CE /* Build configuration list for PBXProject "HaLiveNotifications" */ = {
			isa = XCConfigurationList;
			buildConfigurations = (
				5DB0667A2E05AC7300F106CE /* Debug */,
				5DB0667B2E05AC7300F106CE /* Release */,
			);
			defaultConfigurationIsVisible = 0;
			defaultConfigurationName = Release;
		};
		5DB0667C2E05AC7300F106CE /* Build configuration list for PBXNativeTarget "HaLiveNotifications" */ = {
			isa = XCConfigurationList;
			buildConfigurations = (
				5DB0667D2E05AC7300F106CE /* Debug */,
				5DB0667E2E05AC7300F106CE /* Release */,
			);
			defaultConfigurationIsVisible = 0;
			defaultConfigurationName = Release;
		};
		5DB0667F2E05AC7300F106CE /* Build configuration list for PBXNativeTarget "HaLiveNotificationsTests" */ = {
			isa = XCConfigurationList;
			buildConfigurations = (
				5DB066802E05AC7300F106CE /* Debug */,
				5DB066812E05AC7300F106CE /* Release */,
			);
			defaultConfigurationIsVisible = 0;
			defaultConfigurationName = Release;
		};
		5DB066822E05AC7300F106CE /* Build configuration list for PBXNativeTarget "HaLiveNotificationsUITests" */ = {
			isa = XCConfigurationList;
			buildConfigurations = (
				5DB066832E05AC7300F106CE /* Debug */,
				5DB066842E05AC7300F106CE /* Release */,
			);
			defaultConfigurationIsVisible = 0;
			defaultConfigurationName = Release;
		};
/* End XCConfigurationList section */
	};
	rootObject = 5DB066512E05AC6F00F106CE /* Project object */;
}
